<?xml version="1.0" encoding="utf-8"?>
<Project ToolsVersion="4.0" xmlns="http://schemas.microsoft.com/developer/msbuild/2003">
  <ItemGroup>
    <Filter Include="Source Files">
      <UniqueIdentifier>{4FC737F1-C7A5-4376-A066-2A32D752A2FF}</UniqueIdentifier>
      <Extensions>cpp;c;cc;cxx;def;odl;idl;hpj;bat;asm;asmx</Extensions>
    </Filter>
    <Filter Include="Header Files">
      <UniqueIdentifier>{93995380-89BD-4b04-88EB-625FBE52EBFB}</UniqueIdentifier>
      <Extensions>h;hh;hpp;hxx;hm;inl;inc;xsd</Extensions>
    </Filter>
    <Filter Include="Resource Files">
      <UniqueIdentifier>{67DA6AB6-F800-4c08-8B7A-83BB121AAD01}</UniqueIdentifier>
      <Extensions>rc;ico;cur;bmp;dlg;rc2;rct;bin;rgs;gif;jpg;jpeg;jpe;resx;tiff;tif;png;wav;mfcribbon-ms</Extensions>
    </Filter>
  </ItemGroup>
  <ItemGroup>
    <ClCompile Include="Source\main.cpp">
      <Filter>Source Files</Filter>
    </ClCompile>
    <ClCompile Include="Source\NavMeshTesterApp.cpp">
      <Filter>Source Files</Filter>
    </ClCompile>
    <ClCompile Include="Source\poli2try\common\shapes.cc">
      <Filter>Source Files</Filter>
    </ClCompile>
    <ClCompile Include="Source\poli2try\sweep\advancing_front.cc">
      <Filter>Source Files</Filter>
    </ClCompile>
    <ClCompile Include="Source\poli2try\sweep\cdt.cc">
      <Filter>Source Files</Filter>
    </ClCompile>
    <ClCompile Include="Source\poli2try\sweep\sweep.cc">
      <Filter>Source Files</Filter>
    </ClCompile>
    <ClCompile Include="Source\poli2try\sweep\sweep_context.cc">
      <Filter>Source Files</Filter>
    </ClCompile>
    <ClCompile Include="Source\NavMesh\NavMeshComponents.cpp">
      <Filter>Source Files</Filter>
    </ClCompile>
    <ClCompile Include="Source\NavMesh\NavMesh2D.cpp">
      <Filter>Source Files</Filter>
    </ClCompile>
    <ClCompile Include="Source\NavMesh\NavMeshHeuristics.cpp">
      <Filter>Source Files</Filter>
    </ClCompile>
    <ClCompile Include="Source\NavMesh\NavMeshUtility.cpp">
      <Filter>Source Files</Filter>
    </ClCompile>
    <ClCompile Include="Source\Blackboards\Blackboard.cpp">
      <Filter>Source Files</Filter>
    </ClCompile>
    <ClCompile Include="Source\Player.cpp">
      <Filter>Source Files</Filter>
    </ClCompile>
    <ClCompile Include="Source\Behaviours\Interface\IBehaviour.cpp">
      <Filter>Source Files</Filter>
    </ClCompile>
    <ClCompile Include="Source\Behaviours\Interface\IComposite.cpp">
      <Filter>Source Files</Filter>
    </ClCompile>
    <ClCompile Include="Source\Behaviours\Interface\IDecorator.cpp">
      <Filter>Source Files</Filter>
    </ClCompile>
    <ClCompile Include="Source\Behaviours\Steering\Seek.cpp">
      <Filter>Source Files</Filter>
    </ClCompile>
    <ClCompile Include="Source\Behaviours\Steering\Flee.cpp">
      <Filter>Source Files</Filter>
    </ClCompile>
    <ClCompile Include="Source\Behaviours\Steering\Arrival.cpp">
      <Filter>Source Files</Filter>
    </ClCompile>
    <ClCompile Include="Source\Behaviours\Steering\Wander.cpp">
      <Filter>Source Files</Filter>
    </ClCompile>
    <ClCompile Include="Source\Behaviours\Steering\Pursue.cpp">
      <Filter>Source Files</Filter>
    </ClCompile>
    <ClCompile Include="Source\Behaviours\Steering\Evade.cpp">
      <Filter>Source Files</Filter>
    </ClCompile>
    <ClCompile Include="Source\Behaviours\Steering\ISteer.cpp">
      <Filter>Source Files</Filter>
    </ClCompile>
    <ClCompile Include="Source\Behaviours\Steering\Flocking\IFlock.cpp">
      <Filter>Source Files</Filter>
    </ClCompile>
    <ClCompile Include="Source\Behaviours\Steering\Flocking\Alignment.cpp">
      <Filter>Source Files</Filter>
    </ClCompile>
    <ClCompile Include="Source\Behaviours\Steering\Flocking\Cohesion.cpp">
      <Filter>Source Files</Filter>
    </ClCompile>
    <ClCompile Include="Source\Behaviours\Steering\Flocking\Separation.cpp">
      <Filter>Source Files</Filter>
    </ClCompile>
    <ClCompile Include="Source\Behaviours\Steering\Trail.cpp">
      <Filter>Source Files</Filter>
    </ClCompile>
    <ClCompile Include="Source\Behaviours\Tree\BehaviourTree.cpp">
      <Filter>Source Files</Filter>
    </ClCompile>
    <ClCompile Include="Source\Enemy.cpp">
      <Filter>Source Files</Filter>
    </ClCompile>
    <ClCompile Include="Source\Editors\NavMeshEditor.cpp">
      <Filter>Source Files</Filter>
    </ClCompile>
    <ClCompile Include="Source\AI\Behaviours\Keyboard.cpp">
      <Filter>Source Files</Filter>
    </ClCompile>
    <ClCompile Include="Source\Behaviours\Composite\Selector.cpp">
      <Filter>Source Files</Filter>
    </ClCompile>
    <ClCompile Include="Source\Behaviours\Composite\Sequence.cpp">
      <Filter>Source Files</Filter>
    </ClCompile>
    <ClCompile Include="Source\Behaviours\Steering\Steerer.cpp">
      <Filter>Source Files</Filter>
    </ClCompile>
    <ClCompile Include="Source\Maze\Maze.cpp">
      <Filter>Source Files</Filter>
    </ClCompile>
    <ClCompile Include="Source\Maze\MazeEditor.cpp">
      <Filter>Source Files</Filter>
    </ClCompile>
    <ClCompile Include="Source\Maze\MazeNode.cpp">
      <Filter>Source Files</Filter>
    </ClCompile>
    <ClCompile Include="Source\Maze\MazeGame.cpp">
      <Filter>Source Files</Filter>
    </ClCompile>
    <ClCompile Include="Source\Maze\Behaviours\MazeAvoider.cpp">
      <Filter>Source Files</Filter>
    </ClCompile>
    <ClCompile Include="Source\Maze\Behaviours\MazeGuider.cpp">
      <Filter>Source Files</Filter>
    </ClCompile>
    <ClCompile Include="Source\Maze\Agents\MazeAgent.cpp">
      <Filter>Source Files</Filter>
    </ClCompile>
    <ClCompile Include="Source\Maze\Behaviours\CameraFollow.cpp">
      <Filter>Source Files</Filter>
    </ClCompile>
    <ClCompile Include="Source\Maze\Behaviours\AtExit.cpp">
      <Filter>Source Files</Filter>
    </ClCompile>
    <ClCompile Include="Source\Maze\Agents\MazeAgentFactory.cpp">
      <Filter>Source Files</Filter>
    </ClCompile>
    <ClCompile Include="Source\Camera.cpp">
      <Filter>Source Files</Filter>
    </ClCompile>
    <ClCompile Include="Source\Maze\Behaviours\GetClosest.cpp">
      <Filter>Source Files</Filter>
    </ClCompile>
    <ClCompile Include="Source\Maze\Behaviours\InShortRange.cpp">
      <Filter>Source Files</Filter>
    </ClCompile>
    <ClCompile Include="Source\Maze\Behaviours\SeekClosest.cpp">
      <Filter>Source Files</Filter>
    </ClCompile>
    <ClCompile Include="Source\Maze\Behaviours\Successor.cpp">
      <Filter>Source Files</Filter>
    </ClCompile>
    <ClCompile Include="Source\Maze\Behaviours\Timer.cpp">
      <Filter>Source Files</Filter>
    </ClCompile>
    <ClCompile Include="Source\Maze\Behaviours\FreshPath.cpp">
      <Filter>Source Files</Filter>
    </ClCompile>
    <ClCompile Include="Source\Maze\Behaviours\FollowPath.cpp">
      <Filter>Source Files</Filter>
    </ClCompile>
    <ClCompile Include="Source\Behaviours\Decorator\Inverter.cpp">
      <Filter>Source Files</Filter>
    </ClCompile>
    <ClCompile Include="Source\Behaviours\Decorator\ReturnIf.cpp">
      <Filter>Source Files</Filter>
    </ClCompile>
    <ClCompile Include="Source\Behaviours\Decorator\Successor.cpp">
      <Filter>Source Files</Filter>
    </ClCompile>
    <ClCompile Include="Source\Behaviours\Steering\Follow.cpp">
      <Filter>Source Files</Filter>
    </ClCompile>
  </ItemGroup>
  <ItemGroup>
    <ClInclude Include="Include\NavMeshTesterApp.h">
      <Filter>Header Files</Filter>
    </ClInclude>
    <ClInclude Include="Include\poly2tri\common\shapes.h">
      <Filter>Header Files</Filter>
    </ClInclude>
    <ClInclude Include="Include\poly2tri\common\utils.h">
      <Filter>Header Files</Filter>
    </ClInclude>
    <ClInclude Include="Include\poly2tri\sweep\advancing_front.h">
      <Filter>Header Files</Filter>
    </ClInclude>
    <ClInclude Include="Include\poly2tri\sweep\cdt.h">
      <Filter>Header Files</Filter>
    </ClInclude>
    <ClInclude Include="Include\poly2tri\sweep\sweep.h">
      <Filter>Header Files</Filter>
    </ClInclude>
    <ClInclude Include="Include\poly2tri\sweep\sweep_context.h">
      <Filter>Header Files</Filter>
    </ClInclude>
    <ClInclude Include="Include\poly2tri\poly2tri.h">
      <Filter>Header Files</Filter>
    </ClInclude>
    <ClInclude Include="Include\NavMesh\NavMesh2D.h">
      <Filter>Header Files</Filter>
    </ClInclude>
    <ClInclude Include="Include\NavMesh\NavMeshComponents.h">
      <Filter>Header Files</Filter>
    </ClInclude>
    <ClInclude Include="Include\NavMesh\NavMeshHeuristics.h">
      <Filter>Header Files</Filter>
    </ClInclude>
    <ClInclude Include="Include\NavMesh\NavMeshUtility.h">
      <Filter>Header Files</Filter>
    </ClInclude>
    <ClInclude Include="Include\Behaviours\Interface\IBehaviour.h">
      <Filter>Header Files</Filter>
    </ClInclude>
    <ClInclude Include="Include\Behaviours\Interface\IComposite.h">
      <Filter>Header Files</Filter>
    </ClInclude>
    <ClInclude Include="Include\Behaviours\Interface\IDecorator.h">
      <Filter>Header Files</Filter>
    </ClInclude>
    <ClInclude Include="Include\Blackboards\Blackboard.h">
      <Filter>Header Files</Filter>
    </ClInclude>
    <ClInclude Include="Include\Blackboards\BlackboardInfo.h">
      <Filter>Header Files</Filter>
    </ClInclude>
    <ClInclude Include="Include\Player.h">
      <Filter>Header Files</Filter>
    </ClInclude>
    <ClInclude Include="Include\Objects\GameObject.h">
      <Filter>Header Files</Filter>
    </ClInclude>
    <ClInclude Include="Include\Components\Transform2D.h">
      <Filter>Header Files</Filter>
    </ClInclude>
    <ClInclude Include="Include\Components\RigidBody2D.h">
      <Filter>Header Files</Filter>
    </ClInclude>
    <ClInclude Include="Include\Objects\Agent.h">
      <Filter>Header Files</Filter>
    </ClInclude>
    <ClInclude Include="Include\Containers\ObjectPool.h">
      <Filter>Header Files</Filter>
    </ClInclude>
    <ClInclude Include="Include\AI\Containers\AgentPool.h">
      <Filter>Header Files</Filter>
    </ClInclude>
    <ClInclude Include="Include\Behaviours\Steering\Seek.h">
      <Filter>Header Files</Filter>
    </ClInclude>
    <ClInclude Include="Include\Behaviours\Steering\Flee.h">
      <Filter>Header Files</Filter>
    </ClInclude>
    <ClInclude Include="Include\Behaviours\Steering\Wander.h">
      <Filter>Header Files</Filter>
    </ClInclude>
    <ClInclude Include="Include\Behaviours\Steering\Arrival.h">
      <Filter>Header Files</Filter>
    </ClInclude>
    <ClInclude Include="Include\Behaviours\Steering\Pursue.h">
      <Filter>Header Files</Filter>
    </ClInclude>
    <ClInclude Include="Include\Behaviours\Steering\Evade.h">
      <Filter>Header Files</Filter>
    </ClInclude>
    <ClInclude Include="Include\Behaviours\Steering\ISteer.h">
      <Filter>Header Files</Filter>
    </ClInclude>
    <ClInclude Include="Include\Behaviours\Steering\Flocking\IFlock.h">
      <Filter>Header Files</Filter>
    </ClInclude>
    <ClInclude Include="Include\Behaviours\Steering\Flocking\Alignment.h">
      <Filter>Header Files</Filter>
    </ClInclude>
    <ClInclude Include="Include\Behaviours\Steering\Flocking\Cohesion.h">
      <Filter>Header Files</Filter>
    </ClInclude>
    <ClInclude Include="Include\Behaviours\Steering\Flocking\Separation.h">
      <Filter>Header Files</Filter>
    </ClInclude>
    <ClInclude Include="Include\Behaviours\Steering\Trail.h">
      <Filter>Header Files</Filter>
    </ClInclude>
    <ClInclude Include="Include\Behaviours\Steering\Flocking\Queue.h">
      <Filter>Header Files</Filter>
    </ClInclude>
    <ClInclude Include="Include\Behaviours\Tree\BehaviourTree.h">
      <Filter>Header Files</Filter>
    </ClInclude>
    <ClInclude Include="Include\Behaviours\BehaviourInfo.h">
      <Filter>Header Files</Filter>
    </ClInclude>
    <ClInclude Include="Include\Enemy.h">
      <Filter>Header Files</Filter>
    </ClInclude>
    <ClInclude Include="Include\Boid.h">
      <Filter>Header Files</Filter>
    </ClInclude>
    <ClInclude Include="Include\Containers\Graph.h">
      <Filter>Header Files</Filter>
    </ClInclude>
    <ClInclude Include="Include\Containers\Grid.h">
      <Filter>Header Files</Filter>
    </ClInclude>
    <ClInclude Include="Include\Editors\NavMeshEditor.h">
      <Filter>Header Files</Filter>
    </ClInclude>
    <ClInclude Include="Include\AI\Behaviours\Keyboard.h">
      <Filter>Header Files</Filter>
    </ClInclude>
    <ClInclude Include="Include\Behaviours\Composite\Selector.h">
      <Filter>Header Files</Filter>
    </ClInclude>
    <ClInclude Include="Include\Behaviours\Composite\Sequence.h">
      <Filter>Header Files</Filter>
    </ClInclude>
    <ClInclude Include="Include\Behaviours\Steering\Steerer.h">
      <Filter>Header Files</Filter>
    </ClInclude>
    <ClInclude Include="Include\Maze\Maze.h">
      <Filter>Header Files</Filter>
    </ClInclude>
    <ClInclude Include="Include\Maze\MazeInfo.h">
      <Filter>Header Files</Filter>
    </ClInclude>
    <ClInclude Include="Include\Maze\MazeEditor.h">
      <Filter>Header Files</Filter>
    </ClInclude>
    <ClInclude Include="Include\Maze\MazeNode.h">
      <Filter>Header Files</Filter>
    </ClInclude>
    <ClInclude Include="Include\Maze\MazeGame.h">
      <Filter>Header Files</Filter>
    </ClInclude>
    <ClInclude Include="Include\Maze\MazeSurvivour.h">
      <Filter>Header Files</Filter>
    </ClInclude>
    <ClInclude Include="Include\Maze\Behaviours\MazeAvoider.h">
      <Filter>Header Files</Filter>
    </ClInclude>
    <ClInclude Include="Include\Maze\Behaviours\MazeGuider.h">
      <Filter>Header Files</Filter>
    </ClInclude>
    <ClInclude Include="Include\Maze\Agents\MazeAgent.h">
      <Filter>Header Files</Filter>
    </ClInclude>
    <ClInclude Include="Include\Maze\Agents\MazeAgentFactory.h">
      <Filter>Header Files</Filter>
    </ClInclude>
    <ClInclude Include="Include\Maze\Behaviours\CameraFollow.h">
      <Filter>Header Files</Filter>
    </ClInclude>
    <ClInclude Include="Include\Maze\Behaviours\AtExit.h">
      <Filter>Header Files</Filter>
    </ClInclude>
    <ClInclude Include="Include\Camera.h">
      <Filter>Header Files</Filter>
    </ClInclude>
    <ClInclude Include="Include\Maze\Behaviours\GetClosest.h">
      <Filter>Header Files</Filter>
    </ClInclude>
    <ClInclude Include="Include\Maze\Behaviours\InShortRange.h">
      <Filter>Header Files</Filter>
    </ClInclude>
    <ClInclude Include="Include\Maze\Behaviours\SeekClosest.h">
      <Filter>Header Files</Filter>
    </ClInclude>
    <ClInclude Include="Include\Maze\Behaviours\Successor.h">
      <Filter>Header Files</Filter>
    </ClInclude>
    <ClInclude Include="Include\Maze\Behaviours\Timer.h">
      <Filter>Header Files</Filter>
    </ClInclude>
    <ClInclude Include="Include\Maze\Behaviours\FreshPath.h">
      <Filter>Header Files</Filter>
    </ClInclude>
    <ClInclude Include="Include\Maze\Behaviours\FollowPath.h">
      <Filter>Header Files</Filter>
    </ClInclude>
    <ClInclude Include="Include\Behaviours\Steering\Following\IFollow.h">
      <Filter>Header Files</Filter>
    </ClInclude>
    <ClInclude Include="Include\Behaviours\Decorator\Inverter.h">
      <Filter>Header Files</Filter>
    </ClInclude>
    <ClInclude Include="Include\Behaviours\Decorator\ReturnIf.h">
      <Filter>Header Files</Filter>
    </ClInclude>
    <ClInclude Include="Include\Behaviours\Decorator\Successor.h">
      <Filter>Header Files</Filter>
    </ClInclude>
    <ClInclude Include="Include\Behaviours\Steering\Follow.h">
      <Filter>Header Files</Filter>
    </ClInclude>
  </ItemGroup>
  <ItemGroup>
    <Text Include="Include\Components\README.txt" />
    <Text Include="Include\Behaviours\README.txt" />
    <Text Include="Include\Maze\Behaviours\README.txt" />
  </ItemGroup>
</Project>